Microsoft Visual Studio Solution File, Format Version 12.00
# Visual Studio Version 17
VisualStudioVersion = 17.5.2.0
MinimumVisualStudioVersion = 10.0.40219.1
Project("{FAE04EC0-301F-11D3-BF4B-00C04F79EFBC}") = "salario", "salario.csproj", "{9C0199B8-59C2-D5B9-F461-C429668911D5}"
EndProject
Global
	GlobalSection(SolutionConfigurationPlatforms) = preSolution
		Debug|Any CPU = Debug|Any CPU
		Release|Any CPU = Release|Any CPU
	EndGlobalSection
	GlobalSection(ProjectConfigurationPlatforms) = postSolution
		{9C0199B8-59C2-D5B9-F461-C429668911D5}.Debug|Any CPU.ActiveCfg = Debug|Any CPU
		{9C0199B8-59C2-D5B9-F461-C429668911D5}.Debug|Any CPU.Build.0 = Debug|Any CPU
		{9C0199B8-59C2-D5B9-F461-C429668911D5}.Release|Any CPU.ActiveCfg = Release|Any CPU
		{9C0199B8-59C2-D5B9-F461-C429668911D5}.Release|Any CPU.Build.0 = Release|Any CPU
	EndGlobalSection
	GlobalSection(SolutionProperties) = preSolution
		HideSolutionNode = FALSE
	EndGlobalSection
	GlobalSection(ExtensibilityGlobals) = postSolution
		SolutionGuid = {1E45DEEC-2BB8-40FD-9720-677BA28AAB93}
	EndGlobalSection
EndGlobal
