Microsoft Visual Studio Solution File, Format Version 12.00
# Visual Studio Version 17
VisualStudioVersion = 17.5.2.0
MinimumVisualStudioVersion = 10.0.40219.1
Project("{FAE04EC0-301F-11D3-BF4B-00C04F79EFBC}") = "salarioComBonus", "salarioComBonus.csproj", "{48C50C3A-D46D-A1AB-31D7-688AD8F90DEC}"
EndProject
Global
	GlobalSection(SolutionConfigurationPlatforms) = preSolution
		Debug|Any CPU = Debug|Any CPU
		Release|Any CPU = Release|Any CPU
	EndGlobalSection
	GlobalSection(ProjectConfigurationPlatforms) = postSolution
		{48C50C3A-D46D-A1AB-31D7-688AD8F90DEC}.Debug|Any CPU.ActiveCfg = Debug|Any CPU
		{48C50C3A-D46D-A1AB-31D7-688AD8F90DEC}.Debug|Any CPU.Build.0 = Debug|Any CPU
		{48C50C3A-D46D-A1AB-31D7-688AD8F90DEC}.Release|Any CPU.ActiveCfg = Release|Any CPU
		{48C50C3A-D46D-A1AB-31D7-688AD8F90DEC}.Release|Any CPU.Build.0 = Release|Any CPU
	EndGlobalSection
	GlobalSection(SolutionProperties) = preSolution
		HideSolutionNode = FALSE
	EndGlobalSection
	GlobalSection(ExtensibilityGlobals) = postSolution
		SolutionGuid = {B26D0B09-C777-43D2-8C4A-852A8C137307}
	EndGlobalSection
EndGlobal
