Microsoft Visual Studio Solution File, Format Version 12.00
# Visual Studio Version 17
VisualStudioVersion = 17.5.2.0
MinimumVisualStudioVersion = 10.0.40219.1
Project("{FAE04EC0-301F-11D3-BF4B-00C04F79EFBC}") = "media2", "media2.csproj", "{09E3D544-79D5-672A-02D7-97E5F25453AA}"
EndProject
Global
	GlobalSection(SolutionConfigurationPlatforms) = preSolution
		Debug|Any CPU = Debug|Any CPU
		Release|Any CPU = Release|Any CPU
	EndGlobalSection
	GlobalSection(ProjectConfigurationPlatforms) = postSolution
		{09E3D544-79D5-672A-02D7-97E5F25453AA}.Debug|Any CPU.ActiveCfg = Debug|Any CPU
		{09E3D544-79D5-672A-02D7-97E5F25453AA}.Debug|Any CPU.Build.0 = Debug|Any CPU
		{09E3D544-79D5-672A-02D7-97E5F25453AA}.Release|Any CPU.ActiveCfg = Release|Any CPU
		{09E3D544-79D5-672A-02D7-97E5F25453AA}.Release|Any CPU.Build.0 = Release|Any CPU
	EndGlobalSection
	GlobalSection(SolutionProperties) = preSolution
		HideSolutionNode = FALSE
	EndGlobalSection
	GlobalSection(ExtensibilityGlobals) = postSolution
		SolutionGuid = {2A90997F-E70F-47AE-8288-694DB9427E0E}
	EndGlobalSection
EndGlobal
